// !$*UTF8*$!
{
	archiveVersion = 1;
	classes = {
	};
	objectVersion = 56;
	objects = {

/* Begin PBXBuildFile section */
		81F5E58D299455C400229FA9 /* AppDelegate.swift in Sources */ = {isa = PBXBuildFile; fileRef = 81F5E58C299455C400229FA9 /* AppDelegate.swift */; };
		81F5E58F299455C400229FA9 /* SceneDelegate.swift in Sources */ = {isa = PBXBuildFile; fileRef = 81F5E58E299455C400229FA9 /* SceneDelegate.swift */; };
		81F5E596299455C600229FA9 /* Assets.xcassets in Resources */ = {isa = PBXBuildFile; fileRef = 81F5E595299455C600229FA9 /* Assets.xcassets */; };
		81F5E599299455C600229FA9 /* LaunchScreen.storyboard in Resources */ = {isa = PBXBuildFile; fileRef = 81F5E597299455C600229FA9 /* LaunchScreen.storyboard */; };
		81F5E5A4299455C600229FA9 /* ChatGPTTests.swift in Sources */ = {isa = PBXBuildFile; fileRef = 81F5E5A3299455C600229FA9 /* ChatGPTTests.swift */; };
		81F5E5AE299455C600229FA9 /* ChatGPTUITests.swift in Sources */ = {isa = PBXBuildFile; fileRef = 81F5E5AD299455C600229FA9 /* ChatGPTUITests.swift */; };
		81F5E5B0299455C600229FA9 /* ChatGPTUITestsLaunchTests.swift in Sources */ = {isa = PBXBuildFile; fileRef = 81F5E5AF299455C600229FA9 /* ChatGPTUITestsLaunchTests.swift */; };
		81F5E5BE299455F000229FA9 /* AlertBoxViewController.swift in Sources */ = {isa = PBXBuildFile; fileRef = 81F5E5BC299455F000229FA9 /* AlertBoxViewController.swift */; };
		81F5E5BF299455F000229FA9 /* AlertBoxViewModel.swift in Sources */ = {isa = PBXBuildFile; fileRef = 81F5E5BD299455F000229FA9 /* AlertBoxViewModel.swift */; };
		81F5E5C1299475CE00229FA9 /* AlertBoxView.swift in Sources */ = {isa = PBXBuildFile; fileRef = 81F5E5C0299475CE00229FA9 /* AlertBoxView.swift */; };
/* End PBXBuildFile section */

/* Begin PBXContainerItemProxy section */
		81F5E5A0299455C600229FA9 /* PBXContainerItemProxy */ = {
			isa = PBXContainerItemProxy;
			containerPortal = 81F5E581299455C400229FA9 /* Project object */;
			proxyType = 1;
			remoteGlobalIDString = 81F5E588299455C400229FA9;
			remoteInfo = ChatGPT;
		};
		81F5E5AA299455C600229FA9 /* PBXContainerItemProxy */ = {
			isa = PBXContainerItemProxy;
			containerPortal = 81F5E581299455C400229FA9 /* Project object */;
			proxyType = 1;
			remoteGlobalIDString = 81F5E588299455C400229FA9;
			remoteInfo = ChatGPT;
		};
/* End PBXContainerItemProxy section */

/* Begin PBXFileReference section */
		81F5E589299455C400229FA9 /* ChatGPT.app */ = {isa = PBXFileReference; explicitFileType = wrapper.application; includeInIndex = 0; path = ChatGPT.app; sourceTree = BUILT_PRODUCTS_DIR; };
		81F5E58C299455C400229FA9 /* AppDelegate.swift */ = {isa = PBXFileReference; lastKnownFileType = sourcecode.swift; path = AppDelegate.swift; sourceTree = "<group>"; };
		81F5E58E299455C400229FA9 /* SceneDelegate.swift */ = {isa = PBXFileReference; lastKnownFileType = sourcecode.swift; path = SceneDelegate.swift; sourceTree = "<group>"; };
		81F5E595299455C600229FA9 /* Assets.xcassets */ = {isa = PBXFileReference; lastKnownFileType = folder.assetcatalog; path = Assets.xcassets; sourceTree = "<group>"; };
		81F5E598299455C600229FA9 /* Base */ = {isa = PBXFileReference; lastKnownFileType = file.storyboard; name = Base; path = Base.lproj/LaunchScreen.storyboard; sourceTree = "<group>"; };
		81F5E59A299455C600229FA9 /* Info.plist */ = {isa = PBXFileReference; lastKnownFileType = text.plist.xml; path = Info.plist; sourceTree = "<group>"; };
		81F5E59F299455C600229FA9 /* ChatGPTTests.xctest */ = {isa = PBXFileReference; explicitFileType = wrapper.cfbundle; includeInIndex = 0; path = ChatGPTTests.xctest; sourceTree = BUILT_PRODUCTS_DIR; };
		81F5E5A3299455C600229FA9 /* ChatGPTTests.swift */ = {isa = PBXFileReference; lastKnownFileType = sourcecode.swift; path = ChatGPTTests.swift; sourceTree = "<group>"; };
		81F5E5A9299455C600229FA9 /* ChatGPTUITests.xctest */ = {isa = PBXFileReference; explicitFileType = wrapper.cfbundle; includeInIndex = 0; path = ChatGPTUITests.xctest; sourceTree = BUILT_PRODUCTS_DIR; };
		81F5E5AD299455C600229FA9 /* ChatGPTUITests.swift */ = {isa = PBXFileReference; lastKnownFileType = sourcecode.swift; path = ChatGPTUITests.swift; sourceTree = "<group>"; };
		81F5E5AF299455C600229FA9 /* ChatGPTUITestsLaunchTests.swift */ = {isa = PBXFileReference; lastKnownFileType = sourcecode.swift; path = ChatGPTUITestsLaunchTests.swift; sourceTree = "<group>"; };
		81F5E5BC299455F000229FA9 /* AlertBoxViewController.swift */ = {isa = PBXFileReference; fileEncoding = 4; lastKnownFileType = sourcecode.swift; path = AlertBoxViewController.swift; sourceTree = "<group>"; };
		81F5E5BD299455F000229FA9 /* AlertBoxViewModel.swift */ = {isa = PBXFileReference; fileEncoding = 4; lastKnownFileType = sourcecode.swift; path = AlertBoxViewModel.swift; sourceTree = "<group>"; };
		81F5E5C0299475CE00229FA9 /* AlertBoxView.swift */ = {isa = PBXFileReference; lastKnownFileType = sourcecode.swift; path = AlertBoxView.swift; sourceTree = "<group>"; };
/* End PBXFileReference section */

/* Begin PBXFrameworksBuildPhase section */
		81F5E586299455C400229FA9 /* Frameworks */ = {
			isa = PBXFrameworksBuildPhase;
			buildActionMask = 2147483647;
			files = (
			);
			runOnlyForDeploymentPostprocessing = 0;
		};
		81F5E59C299455C600229FA9 /* Frameworks */ = {
			isa = PBXFrameworksBuildPhase;
			buildActionMask = 2147483647;
			files = (
			);
			runOnlyForDeploymentPostprocessing = 0;
		};
		81F5E5A6299455C600229FA9 /* Frameworks */ = {
			isa = PBXFrameworksBuildPhase;
			buildActionMask = 2147483647;
			files = (
			);
			runOnlyForDeploymentPostprocessing = 0;
		};
/* End PBXFrameworksBuildPhase section */

/* Begin PBXGroup section */
		81F5E580299455C400229FA9 = {
			isa = PBXGroup;
			children = (
				81F5E58B299455C400229FA9 /* ChatGPT */,
				81F5E5A2299455C600229FA9 /* ChatGPTTests */,
				81F5E5AC299455C600229FA9 /* ChatGPTUITests */,
				81F5E58A299455C400229FA9 /* Products */,
			);
			sourceTree = "<group>";
		};
		81F5E58A299455C400229FA9 /* Products */ = {
			isa = PBXGroup;
			children = (
				81F5E589299455C400229FA9 /* ChatGPT.app */,
				81F5E59F299455C600229FA9 /* ChatGPTTests.xctest */,
				81F5E5A9299455C600229FA9 /* ChatGPTUITests.xctest */,
			);
			name = Products;
			sourceTree = "<group>";
		};
		81F5E58B299455C400229FA9 /* ChatGPT */ = {
			isa = PBXGroup;
			children = (
				81F5E58C299455C400229FA9 /* AppDelegate.swift */,
				81F5E58E299455C400229FA9 /* SceneDelegate.swift */,
				81F5E5BC299455F000229FA9 /* AlertBoxViewController.swift */,
				81F5E5C0299475CE00229FA9 /* AlertBoxView.swift */,
				81F5E5BD299455F000229FA9 /* AlertBoxViewModel.swift */,
				81F5E595299455C600229FA9 /* Assets.xcassets */,
				81F5E597299455C600229FA9 /* LaunchScreen.storyboard */,
				81F5E59A299455C600229FA9 /* Info.plist */,
			);
			path = ChatGPT;
			sourceTree = "<group>";
		};
		81F5E5A2299455C600229FA9 /* ChatGPTTests */ = {
			isa = PBXGroup;
			children = (
				81F5E5A3299455C600229FA9 /* ChatGPTTests.swift */,
			);
			path = ChatGPTTests;
			sourceTree = "<group>";
		};
		81F5E5AC299455C600229FA9 /* ChatGPTUITests */ = {
			isa = PBXGroup;
			children = (
				81F5E5AD299455C600229FA9 /* ChatGPTUITests.swift */,
				81F5E5AF299455C600229FA9 /* ChatGPTUITestsLaunchTests.swift */,
			);
			path = ChatGPTUITests;
			sourceTree = "<group>";
		};
/* End PBXGroup section */

/* Begin PBXNativeTarget section */
		81F5E588299455C400229FA9 /* ChatGPT */ = {
			isa = PBXNativeTarget;
			buildConfigurationList = 81F5E5B3299455C600229FA9 /* Build configuration list for PBXNativeTarget "ChatGPT" */;
			buildPhases = (
				81F5E585299455C400229FA9 /* Sources */,
				81F5E586299455C400229FA9 /* Frameworks */,
				81F5E587299455C400229FA9 /* Resources */,
			);
			buildRules = (
			);
			dependencies = (
			);
			name = ChatGPT;
			productName = ChatGPT;
			productReference = 81F5E589299455C400229FA9 /* ChatGPT.app */;
			productType = "com.apple.product-type.application";
		};
		81F5E59E299455C600229FA9 /* ChatGPTTests */ = {
			isa = PBXNativeTarget;
			buildConfigurationList = 81F5E5B6299455C600229FA9 /* Build configuration list for PBXNativeTarget "ChatGPTTests" */;
			buildPhases = (
				81F5E59B299455C600229FA9 /* Sources */,
				81F5E59C299455C600229FA9 /* Frameworks */,
				81F5E59D299455C600229FA9 /* Resources */,
			);
			buildRules = (
			);
			dependencies = (
				81F5E5A1299455C600229FA9 /* PBXTargetDependency */,
			);
			name = ChatGPTTests;
			productName = ChatGPTTests;
			productReference = 81F5E59F299455C600229FA9 /* ChatGPTTests.xctest */;
			productType = "com.apple.product-type.bundle.unit-test";
		};
		81F5E5A8299455C600229FA9 /* ChatGPTUITests */ = {
			isa = PBXNativeTarget;
			buildConfigurationList = 81F5E5B9299455C600229FA9 /* Build configuration list for PBXNativeTarget "ChatGPTUITests" */;
			buildPhases = (
				81F5E5A5299455C600229FA9 /* Sources */,
				81F5E5A6299455C600229FA9 /* Frameworks */,
				81F5E5A7299455C600229FA9 /* Resources */,
			);
			buildRules = (
			);
			dependencies = (
				81F5E5AB299455C600229FA9 /* PBXTargetDependency */,
			);
			name = ChatGPTUITests;
			productName = ChatGPTUITests;
			productReference = 81F5E5A9299455C600229FA9 /* ChatGPTUITests.xctest */;
			productType = "com.apple.product-type.bundle.ui-testing";
		};
/* End PBXNativeTarget section */

/* Begin PBXProject section */
		81F5E581299455C400229FA9 /* Project object */ = {
			isa = PBXProject;
			attributes = {
				BuildIndependentTargetsInParallel = 1;
				LastSwiftUpdateCheck = 1410;
				LastUpgradeCheck = 1410;
				TargetAttributes = {
					81F5E588299455C400229FA9 = {
						CreatedOnToolsVersion = 14.1;
					};
					81F5E59E299455C600229FA9 = {
						CreatedOnToolsVersion = 14.1;
						TestTargetID = 81F5E588299455C400229FA9;
					};
					81F5E5A8299455C600229FA9 = {
						CreatedOnToolsVersion = 14.1;
						TestTargetID = 81F5E588299455C400229FA9;
					};
				};
			};
			buildConfigurationList = 81F5E584299455C400229FA9 /* Build configuration list for PBXProject "ChatGPT" */;
			compatibilityVersion = "Xcode 14.0";
			developmentRegion = en;
			hasScannedForEncodings = 0;
			knownRegions = (
				en,
				Base,
			);
			mainGroup = 81F5E580299455C400229FA9;
			productRefGroup = 81F5E58A299455C400229FA9 /* Products */;
			projectDirPath = "";
			projectRoot = "";
			targets = (
				81F5E588299455C400229FA9 /* ChatGPT */,
				81F5E59E299455C600229FA9 /* ChatGPTTests */,
				81F5E5A8299455C600229FA9 /* ChatGPTUITests */,
			);
		};
/* End PBXProject section */

/* Begin PBXResourcesBuildPhase section */
		81F5E587299455C400229FA9 /* Resources */ = {
			isa = PBXResourcesBuildPhase;
			buildActionMask = 2147483647;
			files = (
				81F5E599299455C600229FA9 /* LaunchScreen.storyboard in Resources */,
				81F5E596299455C600229FA9 /* Assets.xcassets in Resources */,
			);
			runOnlyForDeploymentPostprocessing = 0;
		};
		81F5E59D299455C600229FA9 /* Resources */ = {
			isa = PBXResourcesBuildPhase;
			buildActionMask = 2147483647;
			files = (
			);
			runOnlyForDeploymentPostprocessing = 0;
		};
		81F5E5A7299455C600229FA9 /* Resources */ = {
			isa = PBXResourcesBuildPhase;
			buildActionMask = 2147483647;
			files = (
			);
			runOnlyForDeploymentPostprocessing = 0;
		};
/* End PBXResourcesBuildPhase section */

/* Begin PBXSourcesBuildPhase section */
		81F5E585299455C400229FA9 /* Sources */ = {
			isa = PBXSourcesBuildPhase;
			buildActionMask = 2147483647;
			files = (
				81F5E58D299455C400229FA9 /* AppDelegate.swift in Sources */,
				81F5E5C1299475CE00229FA9 /* AlertBoxView.swift in Sources */,
				81F5E5BF299455F000229FA9 /* AlertBoxViewModel.swift in Sources */,
				81F5E58F299455C400229FA9 /* SceneDelegate.swift in Sources */,
				81F5E5BE299455F000229FA9 /* AlertBoxViewController.swift in Sources */,
			);
			runOnlyForDeploymentPostprocessing = 0;
		};
		81F5E59B299455C600229FA9 /* Sources */ = {
			isa = PBXSourcesBuildPhase;
			buildActionMask = 2147483647;
			files = (
				81F5E5A4299455C600229FA9 /* ChatGPTTests.swift in Sources */,
			);
			runOnlyForDeploymentPostprocessing = 0;
		};
		81F5E5A5299455C600229FA9 /* Sources */ = {
			isa = PBXSourcesBuildPhase;
			buildActionMask = 2147483647;
			files = (
				81F5E5B0299455C600229FA9 /* ChatGPTUITestsLaunchTests.swift in Sources */,
				81F5E5AE299455C600229FA9 /* ChatGPTUITests.swift in Sources */,
			);
			runOnlyForDeploymentPostprocessing = 0;
		};
/* End PBXSourcesBuildPhase section */

/* Begin PBXTargetDependency section */
		81F5E5A1299455C600229FA9 /* PBXTargetDependency */ = {
			isa = PBXTargetDependency;
			target = 81F5E588299455C400229FA9 /* ChatGPT */;
			targetProxy = 81F5E5A0299455C600229FA9 /* PBXContainerItemProxy */;
		};
		81F5E5AB299455C600229FA9 /* PBXTargetDependency */ = {
			isa = PBXTargetDependency;
			target = 81F5E588299455C400229FA9 /* ChatGPT */;
			targetProxy = 81F5E5AA299455C600229FA9 /* PBXContainerItemProxy */;
		};
/* End PBXTargetDependency section */

/* Begin PBXVariantGroup section */
		81F5E597299455C600229FA9 /* LaunchScreen.storyboard */ = {
			isa = PBXVariantGroup;
			children = (
				81F5E598299455C600229FA9 /* Base */,
			);
			name = LaunchScreen.storyboard;
			sourceTree = "<group>";
		};
/* End PBXVariantGroup section */

/* Begin XCBuildConfiguration section */
		81F5E5B1299455C600229FA9 /* Debug */ = {
			isa = XCBuildConfiguration;
			buildSettings = {
				ALWAYS_SEARCH_USER_PATHS = NO;
				CLANG_ANALYZER_NONNULL = YES;
				CLANG_ANALYZER_NUMBER_OBJECT_CONVERSION = YES_AGGRESSIVE;
				CLANG_CXX_LANGUAGE_STANDARD = "gnu++20";
				CLANG_ENABLE_MODULES = YES;
				CLANG_ENABLE_OBJC_ARC = YES;
				CLANG_ENABLE_OBJC_WEAK = YES;
				CLANG_WARN_BLOCK_CAPTURE_AUTORELEASING = YES;
				CLANG_WARN_BOOL_CONVERSION = YES;
				CLANG_WARN_COMMA = YES;
				CLANG_WARN_CONSTANT_CONVERSION = YES;
				CLANG_WARN_DEPRECATED_OBJC_IMPLEMENTATIONS = YES;
				CLANG_WARN_DIRECT_OBJC_ISA_USAGE = YES_ERROR;
				CLANG_WARN_DOCUMENTATION_COMMENTS = YES;
				CLANG_WARN_EMPTY_BODY = YES;
				CLANG_WARN_ENUM_CONVERSION = YES;
				CLANG_WARN_INFINITE_RECURSION = YES;
				CLANG_WARN_INT_CONVERSION = YES;
				CLANG_WARN_NON_LITERAL_NULL_CONVERSION = YES;
				CLANG_WARN_OBJC_IMPLICIT_RETAIN_SELF = YES;
				CLANG_WARN_OBJC_LITERAL_CONVERSION = YES;
				CLANG_WARN_OBJC_ROOT_CLASS = YES_ERROR;
				CLANG_WARN_QUOTED_INCLUDE_IN_FRAMEWORK_HEADER = YES;
				CLANG_WARN_RANGE_LOOP_ANALYSIS = YES;
				CLANG_WARN_STRICT_PROTOTYPES = YES;
				CLANG_WARN_SUSPICIOUS_MOVE = YES;
				CLANG_WARN_UNGUARDED_AVAILABILITY = YES_AGGRESSIVE;
				CLANG_WARN_UNREACHABLE_CODE = YES;
				CLANG_WARN__DUPLICATE_METHOD_MATCH = YES;
				COPY_PHASE_STRIP = NO;
				DEBUG_INFORMATION_FORMAT = dwarf;
				ENABLE_STRICT_OBJC_MSGSEND = YES;
				ENABLE_TESTABILITY = YES;
				GCC_C_LANGUAGE_STANDARD = gnu11;
				GCC_DYNAMIC_NO_PIC = NO;
				GCC_NO_COMMON_BLOCKS = YES;
				GCC_OPTIMIZATION_LEVEL = 0;
				GCC_PREPROCESSOR_DEFINITIONS = (
					"DEBUG=1",
					"$(inherited)",
				);
				GCC_WARN_64_TO_32_BIT_CONVERSION = YES;
				GCC_WARN_ABOUT_RETURN_TYPE = YES_ERROR;
				GCC_WARN_UNDECLARED_SELECTOR = YES;
				GCC_WARN_UNINITIALIZED_AUTOS = YES_AGGRESSIVE;
				GCC_WARN_UNUSED_FUNCTION = YES;
				GCC_WARN_UNUSED_VARIABLE = YES;
				IPHONEOS_DEPLOYMENT_TARGET = 16.1;
				MTL_ENABLE_DEBUG_INFO = INCLUDE_SOURCE;
				MTL_FAST_MATH = YES;
				ONLY_ACTIVE_ARCH = YES;
				SDKROOT = iphoneos;
				SWIFT_ACTIVE_COMPILATION_CONDITIONS = DEBUG;
				SWIFT_OPTIMIZATION_LEVEL = "-Onone";
			};
			name = Debug;
		};
		81F5E5B2299455C600229FA9 /* Release */ = {
			isa = XCBuildConfiguration;
			buildSettings = {
				ALWAYS_SEARCH_USER_PATHS = NO;
				CLANG_ANALYZER_NONNULL = YES;
				CLANG_ANALYZER_NUMBER_OBJECT_CONVERSION = YES_AGGRESSIVE;
				CLANG_CXX_LANGUAGE_STANDARD = "gnu++20";
				CLANG_ENABLE_MODULES = YES;
				CLANG_ENABLE_OBJC_ARC = YES;
				CLANG_ENABLE_OBJC_WEAK = YES;
				CLANG_WARN_BLOCK_CAPTURE_AUTORELEASING = YES;
				CLANG_WARN_BOOL_CONVERSION = YES;
				CLANG_WARN_COMMA = YES;
				CLANG_WARN_CONSTANT_CONVERSION = YES;
				CLANG_WARN_DEPRECATED_OBJC_IMPLEMENTATIONS = YES;
				CLANG_WARN_DIRECT_OBJC_ISA_USAGE = YES_ERROR;
				CLANG_WARN_DOCUMENTATION_COMMENTS = YES;
				CLANG_WARN_EMPTY_BODY = YES;
				CLANG_WARN_ENUM_CONVERSION = YES;
				CLANG_WARN_INFINITE_RECURSION = YES;
				CLANG_WARN_INT_CONVERSION = YES;
				CLANG_WARN_NON_LITERAL_NULL_CONVERSION = YES;
				CLANG_WARN_OBJC_IMPLICIT_RETAIN_SELF = YES;
				CLANG_WARN_OBJC_LITERAL_CONVERSION = YES;
				CLANG_WARN_OBJC_ROOT_CLASS = YES_ERROR;
				CLANG_WARN_QUOTED_INCLUDE_IN_FRAMEWORK_HEADER = YES;
				CLANG_WARN_RANGE_LOOP_ANALYSIS = YES;
				CLANG_WARN_STRICT_PROTOTYPES = YES;
				CLANG_WARN_SUSPICIOUS_MOVE = YES;
				CLANG_WARN_UNGUARDED_AVAILABILITY = YES_AGGRESSIVE;
				CLANG_WARN_UNREACHABLE_CODE = YES;
				CLANG_WARN__DUPLICATE_METHOD_MATCH = YES;
				COPY_PHASE_STRIP = NO;
				DEBUG_INFORMATION_FORMAT = "dwarf-with-dsym";
				ENABLE_NS_ASSERTIONS = NO;
				ENABLE_STRICT_OBJC_MSGSEND = YES;
				GCC_C_LANGUAGE_STANDARD = gnu11;
				GCC_NO_COMMON_BLOCKS = YES;
				GCC_WARN_64_TO_32_BIT_CONVERSION = YES;
				GCC_WARN_ABOUT_RETURN_TYPE = YES_ERROR;
				GCC_WARN_UNDECLARED_SELECTOR = YES;
				GCC_WARN_UNINITIALIZED_AUTOS = YES_AGGRESSIVE;
				GCC_WARN_UNUSED_FUNCTION = YES;
				GCC_WARN_UNUSED_VARIABLE = YES;
				IPHONEOS_DEPLOYMENT_TARGET = 16.1;
				MTL_ENABLE_DEBUG_INFO = NO;
				MTL_FAST_MATH = YES;
				SDKROOT = iphoneos;
				SWIFT_COMPILATION_MODE = wholemodule;
				SWIFT_OPTIMIZATION_LEVEL = "-O";
				VALIDATE_PRODUCT = YES;
			};
			name = Release;
		};
		81F5E5B4299455C600229FA9 /* Debug */ = {
			isa = XCBuildConfiguration;
			buildSettings = {
				ASSETCATALOG_COMPILER_APPICON_NAME = AppIcon;
				ASSETCATALOG_COMPILER_GLOBAL_ACCENT_COLOR_NAME = AccentColor;
				CODE_SIGN_STYLE = Automatic;
				CURRENT_PROJECT_VERSION = 1;
				DEVELOPMENT_TEAM = 8HF95C3RUS;
				GENERATE_INFOPLIST_FILE = YES;
				INFOPLIST_FILE = ChatGPT/Info.plist;
				INFOPLIST_KEY_UIApplicationSupportsIndirectInputEvents = YES;
				INFOPLIST_KEY_UILaunchStoryboardName = LaunchScreen;
				INFOPLIST_KEY_UISupportedInterfaceOrientations_iPad = "UIInterfaceOrientationPortrait UIInterfaceOrientationPortraitUpsideDown UIInterfaceOrientationLandscapeLeft UIInterfaceOrientationLandscapeRight";
				INFOPLIST_KEY_UISupportedInterfaceOrientations_iPhone = "UIInterfaceOrientationPortrait UIInterfaceOrientationLandscapeLeft UIInterfaceOrientationLandscapeRight";
				LD_RUNPATH_SEARCH_PATHS = (
					"$(inherited)",
					"@executable_path/Frameworks",
				);
				MARKETING_VERSION = 1.0;
				PRODUCT_BUNDLE_IDENTIFIER = com.davidaldorf.ChatGPT;
				PRODUCT_NAME = "$(TARGET_NAME)";
				SWIFT_EMIT_LOC_STRINGS = YES;
				SWIFT_VERSION = 5.0;
				TARGETED_DEVICE_FAMILY = "1,2";
			};
			name = Debug;
		};
		81F5E5B5299455C600229FA9 /* Release */ = {
			isa = XCBuildConfiguration;
			buildSettings = {
				ASSETCATALOG_COMPILER_APPICON_NAME = AppIcon;
				ASSETCATALOG_COMPILER_GLOBAL_ACCENT_COLOR_NAME = AccentColor;
				CODE_SIGN_STYLE = Automatic;
				CURRENT_PROJECT_VERSION = 1;
				DEVELOPMENT_TEAM = 8HF95C3RUS;
				GENERATE_INFOPLIST_FILE = YES;
				INFOPLIST_FILE = ChatGPT/Info.plist;
				INFOPLIST_KEY_UIApplicationSupportsIndirectInputEvents = YES;
				INFOPLIST_KEY_UILaunchStoryboardName = LaunchScreen;
				INFOPLIST_KEY_UISupportedInterfaceOrientations_iPad = "UIInterfaceOrientationPortrait UIInterfaceOrientationPortraitUpsideDown UIInterfaceOrientationLandscapeLeft UIInterfaceOrientationLandscapeRight";
				INFOPLIST_KEY_UISupportedInterfaceOrientations_iPhone = "UIInterfaceOrientationPortrait UIInterfaceOrientationLandscapeLeft UIInterfaceOrientationLandscapeRight";
				LD_RUNPATH_SEARCH_PATHS = (
					"$(inherited)",
					"@executable_path/Frameworks",
				);
				MARKETING_VERSION = 1.0;
				PRODUCT_BUNDLE_IDENTIFIER = com.davidaldorf.ChatGPT;
				PRODUCT_NAME = "$(TARGET_NAME)";
				SWIFT_EMIT_LOC_STRINGS = YES;
				SWIFT_VERSION = 5.0;
				TARGETED_DEVICE_FAMILY = "1,2";
			};
			name = Release;
		};
		81F5E5B7299455C600229FA9 /* Debug */ = {
			isa = XCBuildConfiguration;
			buildSettings = {
				ALWAYS_EMBED_SWIFT_STANDARD_LIBRARIES = YES;
				BUNDLE_LOADER = "$(TEST_HOST)";
				CODE_SIGN_STYLE = Automatic;
				CURRENT_PROJECT_VERSION = 1;
				DEVELOPMENT_TEAM = 8HF95C3RUS;
				GENERATE_INFOPLIST_FILE = YES;
				IPHONEOS_DEPLOYMENT_TARGET = 16.1;
				MARKETING_VERSION = 1.0;
				PRODUCT_BUNDLE_IDENTIFIER = com.davidaldorf.ChatGPTTests;
				PRODUCT_NAME = "$(TARGET_NAME)";
				SWIFT_EMIT_LOC_STRINGS = NO;
				SWIFT_VERSION = 5.0;
				TARGETED_DEVICE_FAMILY = "1,2";
				TEST_HOST = "$(BUILT_PRODUCTS_DIR)/ChatGPT.app/$(BUNDLE_EXECUTABLE_FOLDER_PATH)/ChatGPT";
			};
			name = Debug;
		};
		81F5E5B8299455C600229FA9 /* Release */ = {
			isa = XCBuildConfiguration;
			buildSettings = {
				ALWAYS_EMBED_SWIFT_STANDARD_LIBRARIES = YES;
				BUNDLE_LOADER = "$(TEST_HOST)";
				CODE_SIGN_STYLE = Automatic;
				CURRENT_PROJECT_VERSION = 1;
				DEVELOPMENT_TEAM = 8HF95C3RUS;
				GENERATE_INFOPLIST_FILE = YES;
				IPHONEOS_DEPLOYMENT_TARGET = 16.1;
				MARKETING_VERSION = 1.0;
				PRODUCT_BUNDLE_IDENTIFIER = com.davidaldorf.ChatGPTTests;
				PRODUCT_NAME = "$(TARGET_NAME)";
				SWIFT_EMIT_LOC_STRINGS = NO;
				SWIFT_VERSION = 5.0;
				TARGETED_DEVICE_FAMILY = "1,2";
				TEST_HOST = "$(BUILT_PRODUCTS_DIR)/ChatGPT.app/$(BUNDLE_EXECUTABLE_FOLDER_PATH)/ChatGPT";
			};
			name = Release;
		};
		81F5E5BA299455C600229FA9 /* Debug */ = {
			isa = XCBuildConfiguration;
			buildSettings = {
				ALWAYS_EMBED_SWIFT_STANDARD_LIBRARIES = YES;
				CODE_SIGN_STYLE = Automatic;
				CURRENT_PROJECT_VERSION = 1;
				DEVELOPMENT_TEAM = 8HF95C3RUS;
				GENERATE_INFOPLIST_FILE = YES;
				MARKETING_VERSION = 1.0;
				PRODUCT_BUNDLE_IDENTIFIER = com.davidaldorf.ChatGPTUITests;
				PRODUCT_NAME = "$(TARGET_NAME)";
				SWIFT_EMIT_LOC_STRINGS = NO;
				SWIFT_VERSION = 5.0;
				TARGETED_DEVICE_FAMILY = "1,2";
				TEST_TARGET_NAME = ChatGPT;
			};
			name = Debug;
		};
		81F5E5BB299455C600229FA9 /* Release */ = {
			isa = XCBuildConfiguration;
			buildSettings = {
				ALWAYS_EMBED_SWIFT_STANDARD_LIBRARIES = YES;
				CODE_SIGN_STYLE = Automatic;
				CURRENT_PROJECT_VERSION = 1;
				DEVELOPMENT_TEAM = 8HF95C3RUS;
				GENERATE_INFOPLIST_FILE = YES;
				MARKETING_VERSION = 1.0;
				PRODUCT_BUNDLE_IDENTIFIER = com.davidaldorf.ChatGPTUITests;
				PRODUCT_NAME = "$(TARGET_NAME)";
				SWIFT_EMIT_LOC_STRINGS = NO;
				SWIFT_VERSION = 5.0;
				TARGETED_DEVICE_FAMILY = "1,2";
				TEST_TARGET_NAME = ChatGPT;
			};
			name = Release;
		};
/* End XCBuildConfiguration section */

/* Begin XCConfigurationList section */
		81F5E584299455C400229FA9 /* Build configuration list for PBXProject "ChatGPT" */ = {
			isa = XCConfigurationList;
			buildConfigurations = (
				81F5E5B1299455C600229FA9 /* Debug */,
				81F5E5B2299455C600229FA9 /* Release */,
			);
			defaultConfigurationIsVisible = 0;
			defaultConfigurationName = Release;
		};
		81F5E5B3299455C600229FA9 /* Build configuration list for PBXNativeTarget "ChatGPT" */ = {
			isa = XCConfigurationList;
			buildConfigurations = (
				81F5E5B4299455C600229FA9 /* Debug */,
				81F5E5B5299455C600229FA9 /* Release */,
			);
			defaultConfigurationIsVisible = 0;
			defaultConfigurationName = Release;
		};
		81F5E5B6299455C600229FA9 /* Build configuration list for PBXNativeTarget "ChatGPTTests" */ = {
			isa = XCConfigurationList;
			buildConfigurations = (
				81F5E5B7299455C600229FA9 /* Debug */,
				81F5E5B8299455C600229FA9 /* Release */,
			);
			defaultConfigurationIsVisible = 0;
			defaultConfigurationName = Release;
		};
		81F5E5B9299455C600229FA9 /* Build configuration list for PBXNativeTarget "ChatGPTUITests" */ = {
			isa = XCConfigurationList;
			buildConfigurations = (
				81F5E5BA299455C600229FA9 /* Debug */,
				81F5E5BB299455C600229FA9 /* Release */,
			);
			defaultConfigurationIsVisible = 0;
			defaultConfigurationName = Release;
		};
/* End XCConfigurationList section */
	};
	rootObject = 81F5E581299455C400229FA9 /* Project object */;
}
